<?xml version="1.0" encoding="utf-8"?>
<Project ToolsVersion="4.0" xmlns="http://schemas.microsoft.com/developer/msbuild/2003">
  <ItemGroup>
    <Filter Include="Source Files">
      <UniqueIdentifier>{4FC737F1-C7A5-4376-A066-2A32D752A2FF}</UniqueIdentifier>
      <Extensions>cpp;c;cc;cxx;c++;cppm;ixx;def;odl;idl;hpj;bat;asm;asmx</Extensions>
    </Filter>
    <Filter Include="Header Files">
      <UniqueIdentifier>{93995380-89BD-4b04-88EB-625FBE52EBFB}</UniqueIdentifier>
      <Extensions>h;hh;hpp;hxx;h++;hm;inl;inc;ipp;xsd</Extensions>
    </Filter>
    <Filter Include="Resource Files">
      <UniqueIdentifier>{67DA6AB6-F800-4c08-8B7A-83BB121AAD01}</UniqueIdentifier>
      <Extensions>rc;ico;cur;bmp;dlg;rc2;rct;bin;rgs;gif;jpg;jpeg;jpe;resx;tiff;tif;png;wav;mfcribbon-ms</Extensions>
    </Filter>
    <Filter Include="Resource Files\Shaders">
      <UniqueIdentifier>{8f20160d-b538-46a1-a4f0-8afbfd1d0be2}</UniqueIdentifier>
    </Filter>
    <Filter Include="Resource Files\Materials">
      <UniqueIdentifier>{86d4ee2b-e695-423e-87ac-dfaff82acdd3}</UniqueIdentifier>
    </Filter>
    <Filter Include="Resource Files\Scenes">
      <UniqueIdentifier>{1341fc08-8560-4ef2-8b37-43c4799a65f1}</UniqueIdentifier>
    </Filter>
    <Filter Include="Resource Files\Textures">
      <UniqueIdentifier>{56b12bb4-6908-49c5-8204-4bf7bd14be3e}</UniqueIdentifier>
    </Filter>
    <Filter Include="Resource Files\Models">
      <UniqueIdentifier>{f384dc75-6772-469c-a9c0-8ad2ab30aa5f}</UniqueIdentifier>
    </Filter>
  </ItemGroup>
  <ItemGroup>
    <ClCompile Include="Main.cpp">
      <Filter>Source Files</Filter>
    </ClCompile>
    <ClCompile Include="..\ThirdParty\glad\src\glad.c">
      <Filter>Source Files</Filter>
    </ClCompile>
  </ItemGroup>
  <ItemGroup>
    <None Include="..\Build\resources\Materials\aircraft.mtl">
      <Filter>Resource Files\Materials</Filter>
    </None>
    <None Include="..\Build\resources\Materials\bricks.mtl">
      <Filter>Resource Files\Materials</Filter>
    </None>
    <None Include="..\Build\resources\Materials\car.mtl">
      <Filter>Resource Files\Materials</Filter>
    </None>
    <None Include="..\Build\resources\Materials\chair.mtl">
      <Filter>Resource Files\Materials</Filter>
    </None>
    <None Include="..\Build\resources\Materials\earth.mtl">
      <Filter>Resource Files\Materials</Filter>
    </None>
    <None Include="..\Build\resources\Materials\ogre.mtl">
      <Filter>Resource Files\Materials</Filter>
    </None>
    <None Include="..\Build\resources\Materials\plant.mtl">
      <Filter>Resource Files\Materials</Filter>
    </None>
    <None Include="..\Build\resources\Materials\spot.mtl">
      <Filter>Resource Files\Materials</Filter>
    </None>
    <None Include="..\Build\resources\Materials\wood.mtl">
      <Filter>Resource Files\Materials</Filter>
    </None>
    <None Include="..\..\Alexis3DEngine\Build\resources\scenes\main.scn">
      <Filter>Resource Files\Scenes</Filter>
    </None>
    <None Include="..\Build\resources\shaders\basic.frag">
      <Filter>Resource Files\Shaders</Filter>
    </None>
    <None Include="..\Build\resources\shaders\basic.vert">
      <Filter>Resource Files\Shaders</Filter>
    </None>
    <None Include="..\Build\resources\shaders\effects.frag">
      <Filter>Resource Files\Shaders</Filter>
    </None>
    <None Include="..\Build\resources\shaders\effects.shdr">
      <Filter>Resource Files\Shaders</Filter>
    </None>
    <None Include="..\Build\resources\shaders\effects.vert">
      <Filter>Resource Files\Shaders</Filter>
    </None>
    <None Include="..\Build\resources\shaders\flat.frag">
      <Filter>Resource Files\Shaders</Filter>
    </None>
    <None Include="..\Build\resources\shaders\flat.shdr">
      <Filter>Resource Files\Shaders</Filter>
    </None>
    <None Include="..\Build\resources\shaders\flat.vert">
      <Filter>Resource Files\Shaders</Filter>
    </None>
    <None Include="..\Build\resources\shaders\gouraud.frag">
      <Filter>Resource Files\Shaders</Filter>
    </None>
    <None Include="..\Build\resources\shaders\gouraud.shdr">
      <Filter>Resource Files\Shaders</Filter>
    </None>
    <None Include="..\Build\resources\shaders\gouraud.vert">
      <Filter>Resource Files\Shaders</Filter>
    </None>
    <None Include="..\Build\resources\shaders\light.frag">
      <Filter>Resource Files\Shaders</Filter>
    </None>
    <None Include="..\Build\resources\shaders\light.vert">
      <Filter>Resource Files\Shaders</Filter>
    </None>
    <None Include="..\Build\resources\shaders\phong.frag">
      <Filter>Resource Files\Shaders</Filter>
    </None>
    <None Include="..\Build\resources\shaders\phong.shdr">
      <Filter>Resource Files\Shaders</Filter>
    </None>
    <None Include="..\Build\resources\shaders\phong.vert">
      <Filter>Resource Files\Shaders</Filter>
    </None>
    <None Include="..\Build\resources\shaders\phong_normal.frag">
      <Filter>Resource Files\Shaders</Filter>
    </None>
    <None Include="..\Build\resources\shaders\phong_normal.shdr">
      <Filter>Resource Files\Shaders</Filter>
    </None>
    <None Include="..\Build\resources\shaders\phong_normal.vert">
      <Filter>Resource Files\Shaders</Filter>
    </None>
  </ItemGroup>
  <ItemGroup>
    <Image Include="..\Build\resources\textures\aircraft.jpg">
      <Filter>Resource Files\Textures</Filter>
    </Image>
    <Image Include="..\Build\resources\textures\aircraft_normal.jpg">
      <Filter>Resource Files\Textures</Filter>
    </Image>
    <Image Include="..\Build\resources\textures\boat.jpg">
      <Filter>Resource Files\Textures</Filter>
    </Image>
    <Image Include="..\Build\resources\textures\boatNOR.jpg">
      <Filter>Resource Files\Textures</Filter>
    </Image>
    <Image Include="..\Build\resources\textures\brick.png">
      <Filter>Resource Files\Textures</Filter>
    </Image>
    <Image Include="..\Build\resources\textures\brick_normal.png">
      <Filter>Resource Files\Textures</Filter>
    </Image>
    <Image Include="..\Build\resources\textures\chair.png">
      <Filter>Resource Files\Textures</Filter>
    </Image>
    <Image Include="..\Build\resources\textures\earth.png">
      <Filter>Resource Files\Textures</Filter>
    </Image>
    <Image Include="..\Build\resources\textures\earthNOR.png">
      <Filter>Resource Files\Textures</Filter>
    </Image>
    <Image Include="..\Build\resources\textures\llama.jpg">
      <Filter>Resource Files\Textures</Filter>
    </Image>
    <Image Include="..\Build\resources\textures\ogre_diffuse.bmp">
      <Filter>Resource Files\Textures</Filter>
    </Image>
    <Image Include="..\Build\resources\textures\ogre_normal.bmp">
      <Filter>Resource Files\Textures</Filter>
    </Image>
    <Image Include="..\Build\resources\textures\plantCOL.jpg">
      <Filter>Resource Files\Textures</Filter>
    </Image>
    <Image Include="..\Build\resources\textures\plantNOR.jpg">
      <Filter>Resource Files\Textures</Filter>
    </Image>
    <Image Include="..\Build\resources\textures\rocks.bmp">
      <Filter>Resource Files\Textures</Filter>
    </Image>
    <Image Include="..\Build\resources\textures\spot.png">
      <Filter>Resource Files\Textures</Filter>
    </Image>
    <Image Include="..\Build\resources\textures\wood.png">
      <Filter>Resource Files\Textures</Filter>
    </Image>
  </ItemGroup>
</Project>